// !$*UTF8*$!
{
	archiveVersion = 1;
	classes = {
	};
	objectVersion = 56;
	objects = {

/* Begin PBXBuildFile section */
		5B2C4C2A3295C9981B97B3DB /* Pods_NotesApp.framework in Frameworks */ = {isa = PBXBuildFile; fileRef = D42687A81379F9CFEAD374D1 /* Pods_NotesApp.framework */; };
		FA1E4C632A4B2D490093AB60 /* AuthService.swift in Sources */ = {isa = PBXBuildFile; fileRef = FA1E4C622A4B2D490093AB60 /* AuthService.swift */; };
		FA1E4C652A4B32F50093AB60 /* NoteService.swift in Sources */ = {isa = PBXBuildFile; fileRef = FA1E4C642A4B32F50093AB60 /* NoteService.swift */; };
		FA2096102A4AAD1C009A6857 /* Note.swift in Sources */ = {isa = PBXBuildFile; fileRef = FA20960F2A4AAD1B009A6857 /* Note.swift */; };
		FA25DF392A56DB7500E609C0 /* TimeInputController.swift in Sources */ = {isa = PBXBuildFile; fileRef = FA25DF382A56DB7500E609C0 /* TimeInputController.swift */; };
		FA30BACF2A495FEE00CB42B1 /* SignupViewController.swift in Sources */ = {isa = PBXBuildFile; fileRef = FA30BACE2A495FEE00CB42B1 /* SignupViewController.swift */; };
		FA30BAD12A495FFB00CB42B1 /* LoginViewController.swift in Sources */ = {isa = PBXBuildFile; fileRef = FA30BAD02A495FFB00CB42B1 /* LoginViewController.swift */; };
		FA3925A22A4D6B4D00F41122 /* MenuOptions.swift in Sources */ = {isa = PBXBuildFile; fileRef = FA3925A12A4D6B4D00F41122 /* MenuOptions.swift */; };
		FA3925A42A4D6CA900F41122 /* Protocols.swift in Sources */ = {isa = PBXBuildFile; fileRef = FA3925A32A4D6CA900F41122 /* Protocols.swift */; };
		FA841C212A495C78006AD5CC /* SignupLoginViewController.swift in Sources */ = {isa = PBXBuildFile; fileRef = FA841C202A495C78006AD5CC /* SignupLoginViewController.swift */; };
		FA88CE952A5AE6F100778F90 /* BinViewController.swift in Sources */ = {isa = PBXBuildFile; fileRef = FA88CE942A5AE6F100778F90 /* BinViewController.swift */; };
		FA9B42582A5AFCD8004F5100 /* TrashCollectionViewCell.swift in Sources */ = {isa = PBXBuildFile; fileRef = FA9B42572A5AFCD8004F5100 /* TrashCollectionViewCell.swift */; };
		FAB34E802A4983FD00A79BCE /* Constants.swift in Sources */ = {isa = PBXBuildFile; fileRef = FAB34E7F2A4983FC00A79BCE /* Constants.swift */; };
		FAB34E822A4984BF00A79BCE /* GoogleService-Info.plist in Resources */ = {isa = PBXBuildFile; fileRef = FAB34E812A4984BF00A79BCE /* GoogleService-Info.plist */; };
		FAC973B52A433A8C00506E48 /* AppDelegate.swift in Sources */ = {isa = PBXBuildFile; fileRef = FAC973B42A433A8C00506E48 /* AppDelegate.swift */; };
		FAC973B72A433A8C00506E48 /* SceneDelegate.swift in Sources */ = {isa = PBXBuildFile; fileRef = FAC973B62A433A8C00506E48 /* SceneDelegate.swift */; };
		FAC973B92A433A8C00506E48 /* MainViewController.swift in Sources */ = {isa = PBXBuildFile; fileRef = FAC973B82A433A8C00506E48 /* MainViewController.swift */; };
		FAC973BC2A433A8C00506E48 /* Main.storyboard in Resources */ = {isa = PBXBuildFile; fileRef = FAC973BA2A433A8C00506E48 /* Main.storyboard */; };
		FAC973BE2A433A8E00506E48 /* Assets.xcassets in Resources */ = {isa = PBXBuildFile; fileRef = FAC973BD2A433A8E00506E48 /* Assets.xcassets */; };
		FAC973C12A433A8E00506E48 /* LaunchScreen.storyboard in Resources */ = {isa = PBXBuildFile; fileRef = FAC973BF2A433A8E00506E48 /* LaunchScreen.storyboard */; };
		FAC973C92A441C8900506E48 /* NoteViewController.swift in Sources */ = {isa = PBXBuildFile; fileRef = FAC973C82A441C8900506E48 /* NoteViewController.swift */; };
		FAC973CB2A441CB800506E48 /* NewNoteViewController.swift in Sources */ = {isa = PBXBuildFile; fileRef = FAC973CA2A441CB800506E48 /* NewNoteViewController.swift */; };
		FAF29EC62A4F1E19001FA15E /* CollectionViewCell.swift in Sources */ = {isa = PBXBuildFile; fileRef = FAF29EC52A4F1E19001FA15E /* CollectionViewCell.swift */; };
/* End PBXBuildFile section */

/* Begin PBXFileReference section */
		8E1C3E5FD26C25F978032745 /* Pods-NotesApp.release.xcconfig */ = {isa = PBXFileReference; includeInIndex = 1; lastKnownFileType = text.xcconfig; name = "Pods-NotesApp.release.xcconfig"; path = "Target Support Files/Pods-NotesApp/Pods-NotesApp.release.xcconfig"; sourceTree = "<group>"; };
		B23268B07692322C6F91AC24 /* Pods-NotesApp.debug.xcconfig */ = {isa = PBXFileReference; includeInIndex = 1; lastKnownFileType = text.xcconfig; name = "Pods-NotesApp.debug.xcconfig"; path = "Target Support Files/Pods-NotesApp/Pods-NotesApp.debug.xcconfig"; sourceTree = "<group>"; };
		D42687A81379F9CFEAD374D1 /* Pods_NotesApp.framework */ = {isa = PBXFileReference; explicitFileType = wrapper.framework; includeInIndex = 0; path = Pods_NotesApp.framework; sourceTree = BUILT_PRODUCTS_DIR; };
		FA1E4C622A4B2D490093AB60 /* AuthService.swift */ = {isa = PBXFileReference; lastKnownFileType = sourcecode.swift; path = AuthService.swift; sourceTree = "<group>"; };
		FA1E4C642A4B32F50093AB60 /* NoteService.swift */ = {isa = PBXFileReference; lastKnownFileType = sourcecode.swift; path = NoteService.swift; sourceTree = "<group>"; };
		FA20960F2A4AAD1B009A6857 /* Note.swift */ = {isa = PBXFileReference; fileEncoding = 4; lastKnownFileType = sourcecode.swift; path = Note.swift; sourceTree = "<group>"; };
		FA25DF382A56DB7500E609C0 /* TimeInputController.swift */ = {isa = PBXFileReference; lastKnownFileType = sourcecode.swift; path = TimeInputController.swift; sourceTree = "<group>"; };
		FA30BACE2A495FEE00CB42B1 /* SignupViewController.swift */ = {isa = PBXFileReference; lastKnownFileType = sourcecode.swift; path = SignupViewController.swift; sourceTree = "<group>"; };
		FA30BAD02A495FFB00CB42B1 /* LoginViewController.swift */ = {isa = PBXFileReference; lastKnownFileType = sourcecode.swift; path = LoginViewController.swift; sourceTree = "<group>"; };
		FA3925A12A4D6B4D00F41122 /* MenuOptions.swift */ = {isa = PBXFileReference; lastKnownFileType = sourcecode.swift; path = MenuOptions.swift; sourceTree = "<group>"; };
		FA3925A32A4D6CA900F41122 /* Protocols.swift */ = {isa = PBXFileReference; lastKnownFileType = sourcecode.swift; path = Protocols.swift; sourceTree = "<group>"; };
		FA841C202A495C78006AD5CC /* SignupLoginViewController.swift */ = {isa = PBXFileReference; lastKnownFileType = sourcecode.swift; path = SignupLoginViewController.swift; sourceTree = "<group>"; };
		FA88CE942A5AE6F100778F90 /* BinViewController.swift */ = {isa = PBXFileReference; lastKnownFileType = sourcecode.swift; path = BinViewController.swift; sourceTree = "<group>"; };
		FA9B42572A5AFCD8004F5100 /* TrashCollectionViewCell.swift */ = {isa = PBXFileReference; lastKnownFileType = sourcecode.swift; path = TrashCollectionViewCell.swift; sourceTree = "<group>"; };
		FAB34E7F2A4983FC00A79BCE /* Constants.swift */ = {isa = PBXFileReference; fileEncoding = 4; lastKnownFileType = sourcecode.swift; path = Constants.swift; sourceTree = "<group>"; };
		FAB34E812A4984BF00A79BCE /* GoogleService-Info.plist */ = {isa = PBXFileReference; fileEncoding = 4; lastKnownFileType = text.plist.xml; path = "GoogleService-Info.plist"; sourceTree = "<group>"; };
		FAC973B12A433A8C00506E48 /* NotesApp.app */ = {isa = PBXFileReference; explicitFileType = wrapper.application; includeInIndex = 0; path = NotesApp.app; sourceTree = BUILT_PRODUCTS_DIR; };
		FAC973B42A433A8C00506E48 /* AppDelegate.swift */ = {isa = PBXFileReference; lastKnownFileType = sourcecode.swift; path = AppDelegate.swift; sourceTree = "<group>"; };
		FAC973B62A433A8C00506E48 /* SceneDelegate.swift */ = {isa = PBXFileReference; lastKnownFileType = sourcecode.swift; path = SceneDelegate.swift; sourceTree = "<group>"; };
		FAC973B82A433A8C00506E48 /* MainViewController.swift */ = {isa = PBXFileReference; lastKnownFileType = sourcecode.swift; path = MainViewController.swift; sourceTree = "<group>"; };
		FAC973BB2A433A8C00506E48 /* Base */ = {isa = PBXFileReference; lastKnownFileType = file.storyboard; name = Base; path = Base.lproj/Main.storyboard; sourceTree = "<group>"; };
		FAC973BD2A433A8E00506E48 /* Assets.xcassets */ = {isa = PBXFileReference; lastKnownFileType = folder.assetcatalog; path = Assets.xcassets; sourceTree = "<group>"; };
		FAC973C02A433A8E00506E48 /* Base */ = {isa = PBXFileReference; lastKnownFileType = file.storyboard; name = Base; path = Base.lproj/LaunchScreen.storyboard; sourceTree = "<group>"; };
		FAC973C22A433A8E00506E48 /* Info.plist */ = {isa = PBXFileReference; lastKnownFileType = text.plist.xml; path = Info.plist; sourceTree = "<group>"; };
		FAC973C82A441C8900506E48 /* NoteViewController.swift */ = {isa = PBXFileReference; lastKnownFileType = sourcecode.swift; path = NoteViewController.swift; sourceTree = "<group>"; };
		FAC973CA2A441CB800506E48 /* NewNoteViewController.swift */ = {isa = PBXFileReference; lastKnownFileType = sourcecode.swift; path = NewNoteViewController.swift; sourceTree = "<group>"; };
		FAF29EC52A4F1E19001FA15E /* CollectionViewCell.swift */ = {isa = PBXFileReference; lastKnownFileType = sourcecode.swift; name = CollectionViewCell.swift; path = NotesApp/Utils/CollectionViewCell.swift; sourceTree = SOURCE_ROOT; };
/* End PBXFileReference section */

/* Begin PBXFrameworksBuildPhase section */
		FAC973AE2A433A8C00506E48 /* Frameworks */ = {
			isa = PBXFrameworksBuildPhase;
			buildActionMask = 2147483647;
			files = (
				5B2C4C2A3295C9981B97B3DB /* Pods_NotesApp.framework in Frameworks */,
			);
			runOnlyForDeploymentPostprocessing = 0;
		};
/* End PBXFrameworksBuildPhase section */

/* Begin PBXGroup section */
		19F7D3AB560E2DA5FB2E83D7 /* Pods */ = {
			isa = PBXGroup;
			children = (
				B23268B07692322C6F91AC24 /* Pods-NotesApp.debug.xcconfig */,
				8E1C3E5FD26C25F978032745 /* Pods-NotesApp.release.xcconfig */,
			);
			path = Pods;
			sourceTree = "<group>";
		};
		70D763A4A2937E166C1AE969 /* Frameworks */ = {
			isa = PBXGroup;
			children = (
				D42687A81379F9CFEAD374D1 /* Pods_NotesApp.framework */,
			);
			name = Frameworks;
			sourceTree = "<group>";
		};
		FA1E4C5E2A4B2BDC0093AB60 /* Controllers */ = {
			isa = PBXGroup;
			children = (
				FA30BACE2A495FEE00CB42B1 /* SignupViewController.swift */,
				FA30BAD02A495FFB00CB42B1 /* LoginViewController.swift */,
				FA841C202A495C78006AD5CC /* SignupLoginViewController.swift */,
				FAC973B82A433A8C00506E48 /* MainViewController.swift */,
				FAF29EC52A4F1E19001FA15E /* CollectionViewCell.swift */,
				FAC973C82A441C8900506E48 /* NoteViewController.swift */,
				FA25DF382A56DB7500E609C0 /* TimeInputController.swift */,
				FAC973CA2A441CB800506E48 /* NewNoteViewController.swift */,
				FA88CE942A5AE6F100778F90 /* BinViewController.swift */,
				FA9B42572A5AFCD8004F5100 /* TrashCollectionViewCell.swift */,
			);
			path = Controllers;
			sourceTree = "<group>";
		};
		FA1E4C5F2A4B2BFB0093AB60 /* Model */ = {
			isa = PBXGroup;
			children = (
				FA20960F2A4AAD1B009A6857 /* Note.swift */,
				FA3925A12A4D6B4D00F41122 /* MenuOptions.swift */,
				FA3925A32A4D6CA900F41122 /* Protocols.swift */,
			);
			path = Model;
			sourceTree = "<group>";
		};
		FA1E4C602A4B2C0F0093AB60 /* Utils */ = {
			isa = PBXGroup;
			children = (
				FAB34E7F2A4983FC00A79BCE /* Constants.swift */,
			);
			path = Utils;
			sourceTree = "<group>";
		};
		FA1E4C612A4B2C260093AB60 /* FirebaseManager */ = {
			isa = PBXGroup;
			children = (
				FA1E4C622A4B2D490093AB60 /* AuthService.swift */,
				FA1E4C642A4B32F50093AB60 /* NoteService.swift */,
			);
			path = FirebaseManager;
			sourceTree = "<group>";
		};
		FAC973A82A433A8B00506E48 = {
			isa = PBXGroup;
			children = (
				FAC973B32A433A8C00506E48 /* NotesApp */,
				FAC973B22A433A8C00506E48 /* Products */,
				19F7D3AB560E2DA5FB2E83D7 /* Pods */,
				70D763A4A2937E166C1AE969 /* Frameworks */,
			);
			sourceTree = "<group>";
		};
		FAC973B22A433A8C00506E48 /* Products */ = {
			isa = PBXGroup;
			children = (
				FAC973B12A433A8C00506E48 /* NotesApp.app */,
			);
			name = Products;
			sourceTree = "<group>";
		};
		FAC973B32A433A8C00506E48 /* NotesApp */ = {
			isa = PBXGroup;
			children = (
				FA1E4C612A4B2C260093AB60 /* FirebaseManager */,
				FA1E4C602A4B2C0F0093AB60 /* Utils */,
				FA1E4C5F2A4B2BFB0093AB60 /* Model */,
				FA1E4C5E2A4B2BDC0093AB60 /* Controllers */,
				FAC973B42A433A8C00506E48 /* AppDelegate.swift */,
				FAC973B62A433A8C00506E48 /* SceneDelegate.swift */,
				FAC973BA2A433A8C00506E48 /* Main.storyboard */,
				FAC973BD2A433A8E00506E48 /* Assets.xcassets */,
				FAC973BF2A433A8E00506E48 /* LaunchScreen.storyboard */,
				FAC973C22A433A8E00506E48 /* Info.plist */,
				FAB34E812A4984BF00A79BCE /* GoogleService-Info.plist */,
			);
			path = NotesApp;
			sourceTree = "<group>";
		};
/* End PBXGroup section */

/* Begin PBXNativeTarget section */
		FAC973B02A433A8C00506E48 /* NotesApp */ = {
			isa = PBXNativeTarget;
			buildConfigurationList = FAC973C52A433A8E00506E48 /* Build configuration list for PBXNativeTarget "NotesApp" */;
			buildPhases = (
				413F4FDD8DCE650EC65B6EA9 /* [CP] Check Pods Manifest.lock */,
				FAC973AD2A433A8C00506E48 /* Sources */,
				FAC973AE2A433A8C00506E48 /* Frameworks */,
				FAC973AF2A433A8C00506E48 /* Resources */,
				CD99C6A23DB0C0AE5B272749 /* [CP] Embed Pods Frameworks */,
			);
			buildRules = (
			);
			dependencies = (
			);
			name = NotesApp;
			productName = NotesApp;
			productReference = FAC973B12A433A8C00506E48 /* NotesApp.app */;
			productType = "com.apple.product-type.application";
		};
/* End PBXNativeTarget section */

/* Begin PBXProject section */
		FAC973A92A433A8B00506E48 /* Project object */ = {
			isa = PBXProject;
			attributes = {
				BuildIndependentTargetsInParallel = 1;
				LastSwiftUpdateCheck = 1410;
				LastUpgradeCheck = 1410;
				TargetAttributes = {
					FAC973B02A433A8C00506E48 = {
						CreatedOnToolsVersion = 14.1;
					};
				};
			};
			buildConfigurationList = FAC973AC2A433A8B00506E48 /* Build configuration list for PBXProject "NotesApp" */;
			compatibilityVersion = "Xcode 14.0";
			developmentRegion = en;
			hasScannedForEncodings = 0;
			knownRegions = (
				en,
				Base,
			);
			mainGroup = FAC973A82A433A8B00506E48;
			productRefGroup = FAC973B22A433A8C00506E48 /* Products */;
			projectDirPath = "";
			projectRoot = "";
			targets = (
				FAC973B02A433A8C00506E48 /* NotesApp */,
			);
		};
/* End PBXProject section */

/* Begin PBXResourcesBuildPhase section */
		FAC973AF2A433A8C00506E48 /* Resources */ = {
			isa = PBXResourcesBuildPhase;
			buildActionMask = 2147483647;
			files = (
				FAC973C12A433A8E00506E48 /* LaunchScreen.storyboard in Resources */,
				FAB34E822A4984BF00A79BCE /* GoogleService-Info.plist in Resources */,
				FAC973BE2A433A8E00506E48 /* Assets.xcassets in Resources */,
				FAC973BC2A433A8C00506E48 /* Main.storyboard in Resources */,
			);
			runOnlyForDeploymentPostprocessing = 0;
		};
/* End PBXResourcesBuildPhase section */

/* Begin PBXShellScriptBuildPhase section */
		413F4FDD8DCE650EC65B6EA9 /* [CP] Check Pods Manifest.lock */ = {
			isa = PBXShellScriptBuildPhase;
			buildActionMask = 2147483647;
			files = (
			);
			inputFileListPaths = (
			);
			inputPaths = (
				"${PODS_PODFILE_DIR_PATH}/Podfile.lock",
				"${PODS_ROOT}/Manifest.lock",
			);
			name = "[CP] Check Pods Manifest.lock";
			outputFileListPaths = (
			);
			outputPaths = (
				"$(DERIVED_FILE_DIR)/Pods-NotesApp-checkManifestLockResult.txt",
			);
			runOnlyForDeploymentPostprocessing = 0;
			shellPath = /bin/sh;
			shellScript = "diff \"${PODS_PODFILE_DIR_PATH}/Podfile.lock\" \"${PODS_ROOT}/Manifest.lock\" > /dev/null\nif [ $? != 0 ] ; then\n    # print error to STDERR\n    echo \"error: The sandbox is not in sync with the Podfile.lock. Run 'pod install' or update your CocoaPods installation.\" >&2\n    exit 1\nfi\n# This output is used by Xcode 'outputs' to avoid re-running this script phase.\necho \"SUCCESS\" > \"${SCRIPT_OUTPUT_FILE_0}\"\n";
			showEnvVarsInLog = 0;
		};
		CD99C6A23DB0C0AE5B272749 /* [CP] Embed Pods Frameworks */ = {
			isa = PBXShellScriptBuildPhase;
			buildActionMask = 2147483647;
			files = (
			);
			inputFileListPaths = (
				"${PODS_ROOT}/Target Support Files/Pods-NotesApp/Pods-NotesApp-frameworks-${CONFIGURATION}-input-files.xcfilelist",
			);
			name = "[CP] Embed Pods Frameworks";
			outputFileListPaths = (
				"${PODS_ROOT}/Target Support Files/Pods-NotesApp/Pods-NotesApp-frameworks-${CONFIGURATION}-output-files.xcfilelist",
			);
			runOnlyForDeploymentPostprocessing = 0;
			shellPath = /bin/sh;
			shellScript = "\"${PODS_ROOT}/Target Support Files/Pods-NotesApp/Pods-NotesApp-frameworks.sh\"\n";
			showEnvVarsInLog = 0;
		};
/* End PBXShellScriptBuildPhase section */

/* Begin PBXSourcesBuildPhase section */
		FAC973AD2A433A8C00506E48 /* Sources */ = {
			isa = PBXSourcesBuildPhase;
			buildActionMask = 2147483647;
			files = (
				FA841C212A495C78006AD5CC /* SignupLoginViewController.swift in Sources */,
				FA9B42582A5AFCD8004F5100 /* TrashCollectionViewCell.swift in Sources */,
				FA30BACF2A495FEE00CB42B1 /* SignupViewController.swift in Sources */,
				FAC973CB2A441CB800506E48 /* NewNoteViewController.swift in Sources */,
				FAC973C92A441C8900506E48 /* NoteViewController.swift in Sources */,
				FA2096102A4AAD1C009A6857 /* Note.swift in Sources */,
				FAF29EC62A4F1E19001FA15E /* CollectionViewCell.swift in Sources */,
				FA1E4C632A4B2D490093AB60 /* AuthService.swift in Sources */,
				FA88CE952A5AE6F100778F90 /* BinViewController.swift in Sources */,
				FA25DF392A56DB7500E609C0 /* TimeInputController.swift in Sources */,
				FA30BAD12A495FFB00CB42B1 /* LoginViewController.swift in Sources */,
				FAC973B92A433A8C00506E48 /* MainViewController.swift in Sources */,
				FAB34E802A4983FD00A79BCE /* Constants.swift in Sources */,
				FA3925A42A4D6CA900F41122 /* Protocols.swift in Sources */,
				FAC973B52A433A8C00506E48 /* AppDelegate.swift in Sources */,
				FA3925A22A4D6B4D00F41122 /* MenuOptions.swift in Sources */,
				FAC973B72A433A8C00506E48 /* SceneDelegate.swift in Sources */,
				FA1E4C652A4B32F50093AB60 /* NoteService.swift in Sources */,
			);
			runOnlyForDeploymentPostprocessing = 0;
		};
/* End PBXSourcesBuildPhase section */

/* Begin PBXVariantGroup section */
		FAC973BA2A433A8C00506E48 /* Main.storyboard */ = {
			isa = PBXVariantGroup;
			children = (
				FAC973BB2A433A8C00506E48 /* Base */,
			);
			name = Main.storyboard;
			sourceTree = "<group>";
		};
		FAC973BF2A433A8E00506E48 /* LaunchScreen.storyboard */ = {
			isa = PBXVariantGroup;
			children = (
				FAC973C02A433A8E00506E48 /* Base */,
			);
			name = LaunchScreen.storyboard;
			sourceTree = "<group>";
		};
/* End PBXVariantGroup section */

/* Begin XCBuildConfiguration section */
		FAC973C32A433A8E00506E48 /* Debug */ = {
			isa = XCBuildConfiguration;
			buildSettings = {
				ALWAYS_SEARCH_USER_PATHS = NO;
				CLANG_ANALYZER_NONNULL = YES;
				CLANG_ANALYZER_NUMBER_OBJECT_CONVERSION = YES_AGGRESSIVE;
				CLANG_CXX_LANGUAGE_STANDARD = "gnu++20";
				CLANG_ENABLE_MODULES = YES;
				CLANG_ENABLE_OBJC_ARC = YES;
				CLANG_ENABLE_OBJC_WEAK = YES;
				CLANG_WARN_BLOCK_CAPTURE_AUTORELEASING = YES;
				CLANG_WARN_BOOL_CONVERSION = YES;
				CLANG_WARN_COMMA = YES;
				CLANG_WARN_CONSTANT_CONVERSION = YES;
				CLANG_WARN_DEPRECATED_OBJC_IMPLEMENTATIONS = YES;
				CLANG_WARN_DIRECT_OBJC_ISA_USAGE = YES_ERROR;
				CLANG_WARN_DOCUMENTATION_COMMENTS = YES;
				CLANG_WARN_EMPTY_BODY = YES;
				CLANG_WARN_ENUM_CONVERSION = YES;
				CLANG_WARN_INFINITE_RECURSION = YES;
				CLANG_WARN_INT_CONVERSION = YES;
				CLANG_WARN_NON_LITERAL_NULL_CONVERSION = YES;
				CLANG_WARN_OBJC_IMPLICIT_RETAIN_SELF = YES;
				CLANG_WARN_OBJC_LITERAL_CONVERSION = YES;
				CLANG_WARN_OBJC_ROOT_CLASS = YES_ERROR;
				CLANG_WARN_QUOTED_INCLUDE_IN_FRAMEWORK_HEADER = YES;
				CLANG_WARN_RANGE_LOOP_ANALYSIS = YES;
				CLANG_WARN_STRICT_PROTOTYPES = YES;
				CLANG_WARN_SUSPICIOUS_MOVE = YES;
				CLANG_WARN_UNGUARDED_AVAILABILITY = YES_AGGRESSIVE;
				CLANG_WARN_UNREACHABLE_CODE = YES;
				CLANG_WARN__DUPLICATE_METHOD_MATCH = YES;
				COPY_PHASE_STRIP = NO;
				DEBUG_INFORMATION_FORMAT = dwarf;
				ENABLE_STRICT_OBJC_MSGSEND = YES;
				ENABLE_TESTABILITY = YES;
				GCC_C_LANGUAGE_STANDARD = gnu11;
				GCC_DYNAMIC_NO_PIC = NO;
				GCC_NO_COMMON_BLOCKS = YES;
				GCC_OPTIMIZATION_LEVEL = 0;
				GCC_PREPROCESSOR_DEFINITIONS = (
					"DEBUG=1",
					"$(inherited)",
				);
				GCC_WARN_64_TO_32_BIT_CONVERSION = YES;
				GCC_WARN_ABOUT_RETURN_TYPE = YES_ERROR;
				GCC_WARN_UNDECLARED_SELECTOR = YES;
				GCC_WARN_UNINITIALIZED_AUTOS = YES_AGGRESSIVE;
				GCC_WARN_UNUSED_FUNCTION = YES;
				GCC_WARN_UNUSED_VARIABLE = YES;
				IPHONEOS_DEPLOYMENT_TARGET = 16.1;
				MTL_ENABLE_DEBUG_INFO = INCLUDE_SOURCE;
				MTL_FAST_MATH = YES;
				ONLY_ACTIVE_ARCH = YES;
				SDKROOT = iphoneos;
				SWIFT_ACTIVE_COMPILATION_CONDITIONS = DEBUG;
				SWIFT_OPTIMIZATION_LEVEL = "-Onone";
			};
			name = Debug;
		};
		FAC973C42A433A8E00506E48 /* Release */ = {
			isa = XCBuildConfiguration;
			buildSettings = {
				ALWAYS_SEARCH_USER_PATHS = NO;
				CLANG_ANALYZER_NONNULL = YES;
				CLANG_ANALYZER_NUMBER_OBJECT_CONVERSION = YES_AGGRESSIVE;
				CLANG_CXX_LANGUAGE_STANDARD = "gnu++20";
				CLANG_ENABLE_MODULES = YES;
				CLANG_ENABLE_OBJC_ARC = YES;
				CLANG_ENABLE_OBJC_WEAK = YES;
				CLANG_WARN_BLOCK_CAPTURE_AUTORELEASING = YES;
				CLANG_WARN_BOOL_CONVERSION = YES;
				CLANG_WARN_COMMA = YES;
				CLANG_WARN_CONSTANT_CONVERSION = YES;
				CLANG_WARN_DEPRECATED_OBJC_IMPLEMENTATIONS = YES;
				CLANG_WARN_DIRECT_OBJC_ISA_USAGE = YES_ERROR;
				CLANG_WARN_DOCUMENTATION_COMMENTS = YES;
				CLANG_WARN_EMPTY_BODY = YES;
				CLANG_WARN_ENUM_CONVERSION = YES;
				CLANG_WARN_INFINITE_RECURSION = YES;
				CLANG_WARN_INT_CONVERSION = YES;
				CLANG_WARN_NON_LITERAL_NULL_CONVERSION = YES;
				CLANG_WARN_OBJC_IMPLICIT_RETAIN_SELF = YES;
				CLANG_WARN_OBJC_LITERAL_CONVERSION = YES;
				CLANG_WARN_OBJC_ROOT_CLASS = YES_ERROR;
				CLANG_WARN_QUOTED_INCLUDE_IN_FRAMEWORK_HEADER = YES;
				CLANG_WARN_RANGE_LOOP_ANALYSIS = YES;
				CLANG_WARN_STRICT_PROTOTYPES = YES;
				CLANG_WARN_SUSPICIOUS_MOVE = YES;
				CLANG_WARN_UNGUARDED_AVAILABILITY = YES_AGGRESSIVE;
				CLANG_WARN_UNREACHABLE_CODE = YES;
				CLANG_WARN__DUPLICATE_METHOD_MATCH = YES;
				COPY_PHASE_STRIP = NO;
				DEBUG_INFORMATION_FORMAT = "dwarf-with-dsym";
				ENABLE_NS_ASSERTIONS = NO;
				ENABLE_STRICT_OBJC_MSGSEND = YES;
				GCC_C_LANGUAGE_STANDARD = gnu11;
				GCC_NO_COMMON_BLOCKS = YES;
				GCC_WARN_64_TO_32_BIT_CONVERSION = YES;
				GCC_WARN_ABOUT_RETURN_TYPE = YES_ERROR;
				GCC_WARN_UNDECLARED_SELECTOR = YES;
				GCC_WARN_UNINITIALIZED_AUTOS = YES_AGGRESSIVE;
				GCC_WARN_UNUSED_FUNCTION = YES;
				GCC_WARN_UNUSED_VARIABLE = YES;
				IPHONEOS_DEPLOYMENT_TARGET = 16.1;
				MTL_ENABLE_DEBUG_INFO = NO;
				MTL_FAST_MATH = YES;
				SDKROOT = iphoneos;
				SWIFT_COMPILATION_MODE = wholemodule;
				SWIFT_OPTIMIZATION_LEVEL = "-O";
				VALIDATE_PRODUCT = YES;
			};
			name = Release;
		};
		FAC973C62A433A8E00506E48 /* Debug */ = {
			isa = XCBuildConfiguration;
			baseConfigurationReference = B23268B07692322C6F91AC24 /* Pods-NotesApp.debug.xcconfig */;
			buildSettings = {
				ASSETCATALOG_COMPILER_APPICON_NAME = AppIcon;
				ASSETCATALOG_COMPILER_GLOBAL_ACCENT_COLOR_NAME = AccentColor;
				CODE_SIGN_STYLE = Automatic;
				CURRENT_PROJECT_VERSION = 1;
				GENERATE_INFOPLIST_FILE = YES;
				INFOPLIST_FILE = NotesApp/Info.plist;
				INFOPLIST_KEY_UIApplicationSupportsIndirectInputEvents = YES;
				INFOPLIST_KEY_UILaunchStoryboardName = LaunchScreen;
				INFOPLIST_KEY_UIMainStoryboardFile = Main;
				INFOPLIST_KEY_UISupportedInterfaceOrientations_iPad = "UIInterfaceOrientationPortrait UIInterfaceOrientationPortraitUpsideDown UIInterfaceOrientationLandscapeLeft UIInterfaceOrientationLandscapeRight";
				INFOPLIST_KEY_UISupportedInterfaceOrientations_iPhone = "UIInterfaceOrientationPortrait UIInterfaceOrientationLandscapeLeft UIInterfaceOrientationLandscapeRight";
				LD_RUNPATH_SEARCH_PATHS = (
					"$(inherited)",
					"@executable_path/Frameworks",
				);
				MARKETING_VERSION = 1.0;
				PRODUCT_BUNDLE_IDENTIFIER = com.bridgelabz.NotesApp;
				PRODUCT_NAME = "$(TARGET_NAME)";
				SWIFT_EMIT_LOC_STRINGS = YES;
				SWIFT_VERSION = 5.0;
				TARGETED_DEVICE_FAMILY = "1,2";
			};
			name = Debug;
		};
		FAC973C72A433A8E00506E48 /* Release */ = {
			isa = XCBuildConfiguration;
			baseConfigurationReference = 8E1C3E5FD26C25F978032745 /* Pods-NotesApp.release.xcconfig */;
			buildSettings = {
				ASSETCATALOG_COMPILER_APPICON_NAME = AppIcon;
				ASSETCATALOG_COMPILER_GLOBAL_ACCENT_COLOR_NAME = AccentColor;
				CODE_SIGN_STYLE = Automatic;
				CURRENT_PROJECT_VERSION = 1;
				GENERATE_INFOPLIST_FILE = YES;
				INFOPLIST_FILE = NotesApp/Info.plist;
				INFOPLIST_KEY_UIApplicationSupportsIndirectInputEvents = YES;
				INFOPLIST_KEY_UILaunchStoryboardName = LaunchScreen;
				INFOPLIST_KEY_UIMainStoryboardFile = Main;
				INFOPLIST_KEY_UISupportedInterfaceOrientations_iPad = "UIInterfaceOrientationPortrait UIInterfaceOrientationPortraitUpsideDown UIInterfaceOrientationLandscapeLeft UIInterfaceOrientationLandscapeRight";
				INFOPLIST_KEY_UISupportedInterfaceOrientations_iPhone = "UIInterfaceOrientationPortrait UIInterfaceOrientationLandscapeLeft UIInterfaceOrientationLandscapeRight";
				LD_RUNPATH_SEARCH_PATHS = (
					"$(inherited)",
					"@executable_path/Frameworks",
				);
				MARKETING_VERSION = 1.0;
				PRODUCT_BUNDLE_IDENTIFIER = com.bridgelabz.NotesApp;
				PRODUCT_NAME = "$(TARGET_NAME)";
				SWIFT_EMIT_LOC_STRINGS = YES;
				SWIFT_VERSION = 5.0;
				TARGETED_DEVICE_FAMILY = "1,2";
			};
			name = Release;
		};
/* End XCBuildConfiguration section */

/* Begin XCConfigurationList section */
		FAC973AC2A433A8B00506E48 /* Build configuration list for PBXProject "NotesApp" */ = {
			isa = XCConfigurationList;
			buildConfigurations = (
				FAC973C32A433A8E00506E48 /* Debug */,
				FAC973C42A433A8E00506E48 /* Release */,
			);
			defaultConfigurationIsVisible = 0;
			defaultConfigurationName = Release;
		};
		FAC973C52A433A8E00506E48 /* Build configuration list for PBXNativeTarget "NotesApp" */ = {
			isa = XCConfigurationList;
			buildConfigurations = (
				FAC973C62A433A8E00506E48 /* Debug */,
				FAC973C72A433A8E00506E48 /* Release */,
			);
			defaultConfigurationIsVisible = 0;
			defaultConfigurationName = Release;
		};
/* End XCConfigurationList section */
	};
	rootObject = FAC973A92A433A8B00506E48 /* Project object */;
}
